
Microsoft Visual Studio Solution File, Format Version 12.00
# Visual Studio 14
VisualStudioVersion = 14.0.23107.0
MinimumVisualStudioVersion = 10.0.40219.1
Project("{FAE04EC0-301F-11D3-BF4B-00C04F79EFBC}") = "Alan.Log", "Alan.Log\Alan.Log.csproj", "{6986EB89-3426-4FC1-B1C6-0C98288FA264}"
EndProject
Project("{FAE04EC0-301F-11D3-BF4B-00C04F79EFBC}") = "Alan.Log.Example", "Alan.Log.Example\Alan.Log.Example.csproj", "{69EF16AF-1B35-4D33-88DC-03821688C399}"
EndProject
Project("{FAE04EC0-301F-11D3-BF4B-00C04F79EFBC}") = "Alan.Log.RabbitMQ", "Alan.Log.RabbitMQ\Alan.Log.RabbitMQ.csproj", "{0D8DEBCA-0A63-489C-9D3A-32040ABA3940}"
EndProject
Global
	GlobalSection(SolutionConfigurationPlatforms) = preSolution
		Debug|Any CPU = Debug|Any CPU
		Release|Any CPU = Release|Any CPU
	EndGlobalSection
	GlobalSection(ProjectConfigurationPlatforms) = postSolution
		{6986EB89-3426-4FC1-B1C6-0C98288FA264}.Debug|Any CPU.ActiveCfg = Debug|Any CPU
		{6986EB89-3426-4FC1-B1C6-0C98288FA264}.Debug|Any CPU.Build.0 = Debug|Any CPU
		{6986EB89-3426-4FC1-B1C6-0C98288FA264}.Release|Any CPU.ActiveCfg = Release|Any CPU
		{6986EB89-3426-4FC1-B1C6-0C98288FA264}.Release|Any CPU.Build.0 = Release|Any CPU
		{69EF16AF-1B35-4D33-88DC-03821688C399}.Debug|Any CPU.ActiveCfg = Debug|Any CPU
		{69EF16AF-1B35-4D33-88DC-03821688C399}.Debug|Any CPU.Build.0 = Debug|Any CPU
		{69EF16AF-1B35-4D33-88DC-03821688C399}.Release|Any CPU.ActiveCfg = Release|Any CPU
		{69EF16AF-1B35-4D33-88DC-03821688C399}.Release|Any CPU.Build.0 = Release|Any CPU
		{0D8DEBCA-0A63-489C-9D3A-32040ABA3940}.Debug|Any CPU.ActiveCfg = Debug|Any CPU
		{0D8DEBCA-0A63-489C-9D3A-32040ABA3940}.Debug|Any CPU.Build.0 = Debug|Any CPU
		{0D8DEBCA-0A63-489C-9D3A-32040ABA3940}.Release|Any CPU.ActiveCfg = Release|Any CPU
		{0D8DEBCA-0A63-489C-9D3A-32040ABA3940}.Release|Any CPU.Build.0 = Release|Any CPU
	EndGlobalSection
	GlobalSection(SolutionProperties) = preSolution
		HideSolutionNode = FALSE
	EndGlobalSection
EndGlobal
